# This file is automatically @generated by Cargo.
# It is not intended for manual editing.
version = 3

[[package]]
name = "stv_bot"
version = "0.0.0"
dependencies = [
 "twilight",
]

[[package]]
name = "twilight"
version = "0.6.0"
source = "registry+https://github.com/rust-lang/crates.io-index"
checksum = "335383fc39bbe0aa529eea3c28deb00a43991333a06c0191d71e6703c809787a"
